
Microsoft Visual Studio Solution File, Format Version 12.00
# Visual Studio Version 16
VisualStudioVersion = 25.0.1703.6
MinimumVisualStudioVersion = 10.0.40219.1
Project("{FAE04EC0-301F-11D3-BF4B-00C04F79EFBC}") = "EventTracker", "EventTracker\EventTracker.csproj", "{93A08332-F650-4DDB-BE87-8C07B86BB6A7}"
EndProject
Global
	GlobalSection(SolutionConfigurationPlatforms) = preSolution
		Debug|Any CPU = Debug|Any CPU
		Release|Any CPU = Release|Any CPU
	EndGlobalSection
	GlobalSection(ProjectConfigurationPlatforms) = postSolution
		{93A08332-F650-4DDB-BE87-8C07B86BB6A7}.Debug|Any CPU.ActiveCfg = Debug|Any CPU
		{93A08332-F650-4DDB-BE87-8C07B86BB6A7}.Debug|Any CPU.Build.0 = Debug|Any CPU
		{93A08332-F650-4DDB-BE87-8C07B86BB6A7}.Release|Any CPU.ActiveCfg = Release|Any CPU
		{93A08332-F650-4DDB-BE87-8C07B86BB6A7}.Release|Any CPU.Build.0 = Release|Any CPU
	EndGlobalSection
	GlobalSection(SolutionProperties) = preSolution
		HideSolutionNode = FALSE
	EndGlobalSection
	GlobalSection(ExtensibilityGlobals) = postSolution
		SolutionGuid = {0D7B733B-3B25-4E08-8997-E6FD96B7A1B2}
	EndGlobalSection
EndGlobal
